
Microsoft Visual Studio Solution File, Format Version 12.00
# Visual Studio Version 17
VisualStudioVersion = 17.4.33213.308
MinimumVisualStudioVersion = 10.0.40219.1
Project("{2150E333-8FDC-42A3-9474-1A3956D46DE8}") = "Solution Items", "Solution Items", "{6F3615F0-9A86-463B-8D04-E4CBF8513E55}"
	ProjectSection(SolutionItems) = preProject
		.gitattributes = .gitattributes
		.gitignore = .gitignore
		azure-pipelines.yml = azure-pipelines.yml
		Build.ps1 = Build.ps1
		LICENSE = LICENSE
		readme.md = readme.md
	EndProjectSection
EndProject
Project("{9A19103F-16F7-4668-BE54-9A1E7A4F7556}") = "Hood", "projects\Hood\Hood.csproj", "{5DC9CDAC-E241-4FAE-A7C2-9794AFDC0AE1}"
EndProject
Project("{2150E333-8FDC-42A3-9474-1A3956D46DE8}") = "Framework", "Framework", "{A89DE859-75A0-418B-BE31-3228BD827619}"
EndProject
Project("{9A19103F-16F7-4668-BE54-9A1E7A4F7556}") = "Hood.UI.Bootstrap3", "projects\Hood.UI.Bootstrap3\Hood.UI.Bootstrap3.csproj", "{5BFC6D26-6016-42F5-A8CE-5EB8A0AE14EF}"
EndProject
Project("{2150E333-8FDC-42A3-9474-1A3956D46DE8}") = "UI", "UI", "{5CF84357-EA5D-42CF-8CBC-05940FF0F73C}"
EndProject
Project("{9A19103F-16F7-4668-BE54-9A1E7A4F7556}") = "Hood.UI.Bootstrap4", "projects\Hood.UI.Bootstrap4\Hood.UI.Bootstrap4.csproj", "{3BB955FE-2B25-45EB-9EE7-6419F3436EE0}"
EndProject
Project("{9A19103F-16F7-4668-BE54-9A1E7A4F7556}") = "Hood.Core", "projects\Hood.Core\Hood.Core.csproj", "{11923D82-CAA1-4239-A4BC-A365C5D49017}"
EndProject
Project("{9A19103F-16F7-4668-BE54-9A1E7A4F7556}") = "Hood.UI.Core", "projects\Hood.UI.Core\Hood.UI.Core.csproj", "{C8D14AA4-199E-409F-B02D-4B2818B8DE0B}"
EndProject
Project("{2150E333-8FDC-42A3-9474-1A3956D46DE8}") = "Development", "Development", "{306ED7A4-6F3F-4BE1-96CE-CA9DAE98CC53}"
EndProject
Project("{9A19103F-16F7-4668-BE54-9A1E7A4F7556}") = "Hood.Development", "projects\Hood.Development\Hood.Development.csproj", "{7ADB2A9E-146D-40C4-826A-C79C712CE905}"
EndProject
Project("{9A19103F-16F7-4668-BE54-9A1E7A4F7556}") = "Hood.Admin", "projects\Hood.Admin\Hood.Admin.csproj", "{123F61E6-834C-42FF-B62E-12CE30BC8A90}"
EndProject
Project("{9A19103F-16F7-4668-BE54-9A1E7A4F7556}") = "Hood.UI.Admin", "projects\Hood.UI.Admin\Hood.UI.Admin.csproj", "{7C7C802C-0220-4D84-844F-97B71381CD46}"
EndProject
Project("{9A19103F-16F7-4668-BE54-9A1E7A4F7556}") = "Hood.Api", "projects\Hood.Api\Hood.Api.csproj", "{F3333BEE-9DBE-496F-A2E4-82601343A547}"
EndProject
Project("{2150E333-8FDC-42A3-9474-1A3956D46DE8}") = "Data", "Data", "{D09576D8-40AC-4F1B-A178-6C614AA37BF0}"
EndProject
Project("{00D1A9C2-B5F0-4AF3-8072-F6C62B433612}") = "Hood.Database", "projects\Hood.Database\Hood.Database.sqlproj", "{2F395993-5AC0-497F-995F-525A151E60FD}"
EndProject
Project("{FAE04EC0-301F-11D3-BF4B-00C04F79EFBC}") = "Hood.Data", "projects\Hood.Data\Hood.Data.csproj", "{1DFB4B9C-D5CF-4BC9-82CB-9681E871E182}"
EndProject
Global
	GlobalSection(SolutionConfigurationPlatforms) = preSolution
		Debug|Any CPU = Debug|Any CPU
		Debug|ARM = Debug|ARM
		Debug|x64 = Debug|x64
		Debug|x86 = Debug|x86
		Release|Any CPU = Release|Any CPU
		Release|ARM = Release|ARM
		Release|x64 = Release|x64
		Release|x86 = Release|x86
	EndGlobalSection
	GlobalSection(ProjectConfigurationPlatforms) = postSolution
		{5DC9CDAC-E241-4FAE-A7C2-9794AFDC0AE1}.Debug|Any CPU.ActiveCfg = Debug|Any CPU
		{5DC9CDAC-E241-4FAE-A7C2-9794AFDC0AE1}.Debug|Any CPU.Build.0 = Debug|Any CPU
		{5DC9CDAC-E241-4FAE-A7C2-9794AFDC0AE1}.Debug|ARM.ActiveCfg = Debug|Any CPU
		{5DC9CDAC-E241-4FAE-A7C2-9794AFDC0AE1}.Debug|ARM.Build.0 = Debug|Any CPU
		{5DC9CDAC-E241-4FAE-A7C2-9794AFDC0AE1}.Debug|x64.ActiveCfg = Debug|Any CPU
		{5DC9CDAC-E241-4FAE-A7C2-9794AFDC0AE1}.Debug|x64.Build.0 = Debug|Any CPU
		{5DC9CDAC-E241-4FAE-A7C2-9794AFDC0AE1}.Debug|x86.ActiveCfg = Debug|Any CPU
		{5DC9CDAC-E241-4FAE-A7C2-9794AFDC0AE1}.Debug|x86.Build.0 = Debug|Any CPU
		{5DC9CDAC-E241-4FAE-A7C2-9794AFDC0AE1}.Release|Any CPU.ActiveCfg = Release|Any CPU
		{5DC9CDAC-E241-4FAE-A7C2-9794AFDC0AE1}.Release|Any CPU.Build.0 = Release|Any CPU
		{5DC9CDAC-E241-4FAE-A7C2-9794AFDC0AE1}.Release|ARM.ActiveCfg = Release|Any CPU
		{5DC9CDAC-E241-4FAE-A7C2-9794AFDC0AE1}.Release|ARM.Build.0 = Release|Any CPU
		{5DC9CDAC-E241-4FAE-A7C2-9794AFDC0AE1}.Release|x64.ActiveCfg = Release|Any CPU
		{5DC9CDAC-E241-4FAE-A7C2-9794AFDC0AE1}.Release|x64.Build.0 = Release|Any CPU
		{5DC9CDAC-E241-4FAE-A7C2-9794AFDC0AE1}.Release|x86.ActiveCfg = Release|Any CPU
		{5DC9CDAC-E241-4FAE-A7C2-9794AFDC0AE1}.Release|x86.Build.0 = Release|Any CPU
		{5BFC6D26-6016-42F5-A8CE-5EB8A0AE14EF}.Debug|Any CPU.ActiveCfg = Debug|Any CPU
		{5BFC6D26-6016-42F5-A8CE-5EB8A0AE14EF}.Debug|Any CPU.Build.0 = Debug|Any CPU
		{5BFC6D26-6016-42F5-A8CE-5EB8A0AE14EF}.Debug|ARM.ActiveCfg = Debug|Any CPU
		{5BFC6D26-6016-42F5-A8CE-5EB8A0AE14EF}.Debug|ARM.Build.0 = Debug|Any CPU
		{5BFC6D26-6016-42F5-A8CE-5EB8A0AE14EF}.Debug|x64.ActiveCfg = Debug|Any CPU
		{5BFC6D26-6016-42F5-A8CE-5EB8A0AE14EF}.Debug|x64.Build.0 = Debug|Any CPU
		{5BFC6D26-6016-42F5-A8CE-5EB8A0AE14EF}.Debug|x86.ActiveCfg = Debug|Any CPU
		{5BFC6D26-6016-42F5-A8CE-5EB8A0AE14EF}.Debug|x86.Build.0 = Debug|Any CPU
		{5BFC6D26-6016-42F5-A8CE-5EB8A0AE14EF}.Release|Any CPU.ActiveCfg = Release|Any CPU
		{5BFC6D26-6016-42F5-A8CE-5EB8A0AE14EF}.Release|Any CPU.Build.0 = Release|Any CPU
		{5BFC6D26-6016-42F5-A8CE-5EB8A0AE14EF}.Release|ARM.ActiveCfg = Release|Any CPU
		{5BFC6D26-6016-42F5-A8CE-5EB8A0AE14EF}.Release|ARM.Build.0 = Release|Any CPU
		{5BFC6D26-6016-42F5-A8CE-5EB8A0AE14EF}.Release|x64.ActiveCfg = Release|Any CPU
		{5BFC6D26-6016-42F5-A8CE-5EB8A0AE14EF}.Release|x64.Build.0 = Release|Any CPU
		{5BFC6D26-6016-42F5-A8CE-5EB8A0AE14EF}.Release|x86.ActiveCfg = Release|Any CPU
		{5BFC6D26-6016-42F5-A8CE-5EB8A0AE14EF}.Release|x86.Build.0 = Release|Any CPU
		{3BB955FE-2B25-45EB-9EE7-6419F3436EE0}.Debug|Any CPU.ActiveCfg = Debug|Any CPU
		{3BB955FE-2B25-45EB-9EE7-6419F3436EE0}.Debug|Any CPU.Build.0 = Debug|Any CPU
		{3BB955FE-2B25-45EB-9EE7-6419F3436EE0}.Debug|ARM.ActiveCfg = Debug|Any CPU
		{3BB955FE-2B25-45EB-9EE7-6419F3436EE0}.Debug|ARM.Build.0 = Debug|Any CPU
		{3BB955FE-2B25-45EB-9EE7-6419F3436EE0}.Debug|x64.ActiveCfg = Debug|Any CPU
		{3BB955FE-2B25-45EB-9EE7-6419F3436EE0}.Debug|x64.Build.0 = Debug|Any CPU
		{3BB955FE-2B25-45EB-9EE7-6419F3436EE0}.Debug|x86.ActiveCfg = Debug|Any CPU
		{3BB955FE-2B25-45EB-9EE7-6419F3436EE0}.Debug|x86.Build.0 = Debug|Any CPU
		{3BB955FE-2B25-45EB-9EE7-6419F3436EE0}.Release|Any CPU.ActiveCfg = Release|Any CPU
		{3BB955FE-2B25-45EB-9EE7-6419F3436EE0}.Release|Any CPU.Build.0 = Release|Any CPU
		{3BB955FE-2B25-45EB-9EE7-6419F3436EE0}.Release|ARM.ActiveCfg = Release|Any CPU
		{3BB955FE-2B25-45EB-9EE7-6419F3436EE0}.Release|ARM.Build.0 = Release|Any CPU
		{3BB955FE-2B25-45EB-9EE7-6419F3436EE0}.Release|x64.ActiveCfg = Release|Any CPU
		{3BB955FE-2B25-45EB-9EE7-6419F3436EE0}.Release|x64.Build.0 = Release|Any CPU
		{3BB955FE-2B25-45EB-9EE7-6419F3436EE0}.Release|x86.ActiveCfg = Release|Any CPU
		{3BB955FE-2B25-45EB-9EE7-6419F3436EE0}.Release|x86.Build.0 = Release|Any CPU
		{11923D82-CAA1-4239-A4BC-A365C5D49017}.Debug|Any CPU.ActiveCfg = Debug|Any CPU
		{11923D82-CAA1-4239-A4BC-A365C5D49017}.Debug|Any CPU.Build.0 = Debug|Any CPU
		{11923D82-CAA1-4239-A4BC-A365C5D49017}.Debug|ARM.ActiveCfg = Debug|Any CPU
		{11923D82-CAA1-4239-A4BC-A365C5D49017}.Debug|ARM.Build.0 = Debug|Any CPU
		{11923D82-CAA1-4239-A4BC-A365C5D49017}.Debug|x64.ActiveCfg = Debug|Any CPU
		{11923D82-CAA1-4239-A4BC-A365C5D49017}.Debug|x64.Build.0 = Debug|Any CPU
		{11923D82-CAA1-4239-A4BC-A365C5D49017}.Debug|x86.ActiveCfg = Debug|Any CPU
		{11923D82-CAA1-4239-A4BC-A365C5D49017}.Debug|x86.Build.0 = Debug|Any CPU
		{11923D82-CAA1-4239-A4BC-A365C5D49017}.Release|Any CPU.ActiveCfg = Release|Any CPU
		{11923D82-CAA1-4239-A4BC-A365C5D49017}.Release|Any CPU.Build.0 = Release|Any CPU
		{11923D82-CAA1-4239-A4BC-A365C5D49017}.Release|ARM.ActiveCfg = Release|Any CPU
		{11923D82-CAA1-4239-A4BC-A365C5D49017}.Release|ARM.Build.0 = Release|Any CPU
		{11923D82-CAA1-4239-A4BC-A365C5D49017}.Release|x64.ActiveCfg = Release|Any CPU
		{11923D82-CAA1-4239-A4BC-A365C5D49017}.Release|x64.Build.0 = Release|Any CPU
		{11923D82-CAA1-4239-A4BC-A365C5D49017}.Release|x86.ActiveCfg = Release|Any CPU
		{11923D82-CAA1-4239-A4BC-A365C5D49017}.Release|x86.Build.0 = Release|Any CPU
		{C8D14AA4-199E-409F-B02D-4B2818B8DE0B}.Debug|Any CPU.ActiveCfg = Debug|Any CPU
		{C8D14AA4-199E-409F-B02D-4B2818B8DE0B}.Debug|Any CPU.Build.0 = Debug|Any CPU
		{C8D14AA4-199E-409F-B02D-4B2818B8DE0B}.Debug|ARM.ActiveCfg = Debug|Any CPU
		{C8D14AA4-199E-409F-B02D-4B2818B8DE0B}.Debug|ARM.Build.0 = Debug|Any CPU
		{C8D14AA4-199E-409F-B02D-4B2818B8DE0B}.Debug|x64.ActiveCfg = Debug|Any CPU
		{C8D14AA4-199E-409F-B02D-4B2818B8DE0B}.Debug|x64.Build.0 = Debug|Any CPU
		{C8D14AA4-199E-409F-B02D-4B2818B8DE0B}.Debug|x86.ActiveCfg = Debug|Any CPU
		{C8D14AA4-199E-409F-B02D-4B2818B8DE0B}.Debug|x86.Build.0 = Debug|Any CPU
		{C8D14AA4-199E-409F-B02D-4B2818B8DE0B}.Release|Any CPU.ActiveCfg = Release|Any CPU
		{C8D14AA4-199E-409F-B02D-4B2818B8DE0B}.Release|Any CPU.Build.0 = Release|Any CPU
		{C8D14AA4-199E-409F-B02D-4B2818B8DE0B}.Release|ARM.ActiveCfg = Release|Any CPU
		{C8D14AA4-199E-409F-B02D-4B2818B8DE0B}.Release|ARM.Build.0 = Release|Any CPU
		{C8D14AA4-199E-409F-B02D-4B2818B8DE0B}.Release|x64.ActiveCfg = Release|Any CPU
		{C8D14AA4-199E-409F-B02D-4B2818B8DE0B}.Release|x64.Build.0 = Release|Any CPU
		{C8D14AA4-199E-409F-B02D-4B2818B8DE0B}.Release|x86.ActiveCfg = Release|Any CPU
		{C8D14AA4-199E-409F-B02D-4B2818B8DE0B}.Release|x86.Build.0 = Release|Any CPU
		{7ADB2A9E-146D-40C4-826A-C79C712CE905}.Debug|Any CPU.ActiveCfg = Debug|Any CPU
		{7ADB2A9E-146D-40C4-826A-C79C712CE905}.Debug|Any CPU.Build.0 = Debug|Any CPU
		{7ADB2A9E-146D-40C4-826A-C79C712CE905}.Debug|ARM.ActiveCfg = Debug|Any CPU
		{7ADB2A9E-146D-40C4-826A-C79C712CE905}.Debug|ARM.Build.0 = Debug|Any CPU
		{7ADB2A9E-146D-40C4-826A-C79C712CE905}.Debug|x64.ActiveCfg = Debug|Any CPU
		{7ADB2A9E-146D-40C4-826A-C79C712CE905}.Debug|x64.Build.0 = Debug|Any CPU
		{7ADB2A9E-146D-40C4-826A-C79C712CE905}.Debug|x86.ActiveCfg = Debug|Any CPU
		{7ADB2A9E-146D-40C4-826A-C79C712CE905}.Debug|x86.Build.0 = Debug|Any CPU
		{7ADB2A9E-146D-40C4-826A-C79C712CE905}.Release|Any CPU.ActiveCfg = Release|Any CPU
		{7ADB2A9E-146D-40C4-826A-C79C712CE905}.Release|Any CPU.Build.0 = Release|Any CPU
		{7ADB2A9E-146D-40C4-826A-C79C712CE905}.Release|ARM.ActiveCfg = Release|Any CPU
		{7ADB2A9E-146D-40C4-826A-C79C712CE905}.Release|ARM.Build.0 = Release|Any CPU
		{7ADB2A9E-146D-40C4-826A-C79C712CE905}.Release|x64.ActiveCfg = Release|Any CPU
		{7ADB2A9E-146D-40C4-826A-C79C712CE905}.Release|x64.Build.0 = Release|Any CPU
		{7ADB2A9E-146D-40C4-826A-C79C712CE905}.Release|x86.ActiveCfg = Release|Any CPU
		{7ADB2A9E-146D-40C4-826A-C79C712CE905}.Release|x86.Build.0 = Release|Any CPU
		{123F61E6-834C-42FF-B62E-12CE30BC8A90}.Debug|Any CPU.ActiveCfg = Debug|Any CPU
		{123F61E6-834C-42FF-B62E-12CE30BC8A90}.Debug|Any CPU.Build.0 = Debug|Any CPU
		{123F61E6-834C-42FF-B62E-12CE30BC8A90}.Debug|ARM.ActiveCfg = Debug|Any CPU
		{123F61E6-834C-42FF-B62E-12CE30BC8A90}.Debug|ARM.Build.0 = Debug|Any CPU
		{123F61E6-834C-42FF-B62E-12CE30BC8A90}.Debug|x64.ActiveCfg = Debug|Any CPU
		{123F61E6-834C-42FF-B62E-12CE30BC8A90}.Debug|x64.Build.0 = Debug|Any CPU
		{123F61E6-834C-42FF-B62E-12CE30BC8A90}.Debug|x86.ActiveCfg = Debug|Any CPU
		{123F61E6-834C-42FF-B62E-12CE30BC8A90}.Debug|x86.Build.0 = Debug|Any CPU
		{123F61E6-834C-42FF-B62E-12CE30BC8A90}.Release|Any CPU.ActiveCfg = Release|Any CPU
		{123F61E6-834C-42FF-B62E-12CE30BC8A90}.Release|Any CPU.Build.0 = Release|Any CPU
		{123F61E6-834C-42FF-B62E-12CE30BC8A90}.Release|ARM.ActiveCfg = Release|Any CPU
		{123F61E6-834C-42FF-B62E-12CE30BC8A90}.Release|ARM.Build.0 = Release|Any CPU
		{123F61E6-834C-42FF-B62E-12CE30BC8A90}.Release|x64.ActiveCfg = Release|Any CPU
		{123F61E6-834C-42FF-B62E-12CE30BC8A90}.Release|x64.Build.0 = Release|Any CPU
		{123F61E6-834C-42FF-B62E-12CE30BC8A90}.Release|x86.ActiveCfg = Release|Any CPU
		{123F61E6-834C-42FF-B62E-12CE30BC8A90}.Release|x86.Build.0 = Release|Any CPU
		{7C7C802C-0220-4D84-844F-97B71381CD46}.Debug|Any CPU.ActiveCfg = Debug|Any CPU
		{7C7C802C-0220-4D84-844F-97B71381CD46}.Debug|Any CPU.Build.0 = Debug|Any CPU
		{7C7C802C-0220-4D84-844F-97B71381CD46}.Debug|ARM.ActiveCfg = Debug|Any CPU
		{7C7C802C-0220-4D84-844F-97B71381CD46}.Debug|ARM.Build.0 = Debug|Any CPU
		{7C7C802C-0220-4D84-844F-97B71381CD46}.Debug|x64.ActiveCfg = Debug|Any CPU
		{7C7C802C-0220-4D84-844F-97B71381CD46}.Debug|x64.Build.0 = Debug|Any CPU
		{7C7C802C-0220-4D84-844F-97B71381CD46}.Debug|x86.ActiveCfg = Debug|Any CPU
		{7C7C802C-0220-4D84-844F-97B71381CD46}.Debug|x86.Build.0 = Debug|Any CPU
		{7C7C802C-0220-4D84-844F-97B71381CD46}.Release|Any CPU.ActiveCfg = Release|Any CPU
		{7C7C802C-0220-4D84-844F-97B71381CD46}.Release|Any CPU.Build.0 = Release|Any CPU
		{7C7C802C-0220-4D84-844F-97B71381CD46}.Release|ARM.ActiveCfg = Release|Any CPU
		{7C7C802C-0220-4D84-844F-97B71381CD46}.Release|ARM.Build.0 = Release|Any CPU
		{7C7C802C-0220-4D84-844F-97B71381CD46}.Release|x64.ActiveCfg = Release|Any CPU
		{7C7C802C-0220-4D84-844F-97B71381CD46}.Release|x64.Build.0 = Release|Any CPU
		{7C7C802C-0220-4D84-844F-97B71381CD46}.Release|x86.ActiveCfg = Release|Any CPU
		{7C7C802C-0220-4D84-844F-97B71381CD46}.Release|x86.Build.0 = Release|Any CPU
		{F3333BEE-9DBE-496F-A2E4-82601343A547}.Debug|Any CPU.ActiveCfg = Debug|Any CPU
		{F3333BEE-9DBE-496F-A2E4-82601343A547}.Debug|Any CPU.Build.0 = Debug|Any CPU
		{F3333BEE-9DBE-496F-A2E4-82601343A547}.Debug|ARM.ActiveCfg = Debug|Any CPU
		{F3333BEE-9DBE-496F-A2E4-82601343A547}.Debug|ARM.Build.0 = Debug|Any CPU
		{F3333BEE-9DBE-496F-A2E4-82601343A547}.Debug|x64.ActiveCfg = Debug|Any CPU
		{F3333BEE-9DBE-496F-A2E4-82601343A547}.Debug|x64.Build.0 = Debug|Any CPU
		{F3333BEE-9DBE-496F-A2E4-82601343A547}.Debug|x86.ActiveCfg = Debug|Any CPU
		{F3333BEE-9DBE-496F-A2E4-82601343A547}.Debug|x86.Build.0 = Debug|Any CPU
		{F3333BEE-9DBE-496F-A2E4-82601343A547}.Release|Any CPU.ActiveCfg = Release|Any CPU
		{F3333BEE-9DBE-496F-A2E4-82601343A547}.Release|Any CPU.Build.0 = Release|Any CPU
		{F3333BEE-9DBE-496F-A2E4-82601343A547}.Release|ARM.ActiveCfg = Release|Any CPU
		{F3333BEE-9DBE-496F-A2E4-82601343A547}.Release|ARM.Build.0 = Release|Any CPU
		{F3333BEE-9DBE-496F-A2E4-82601343A547}.Release|x64.ActiveCfg = Release|Any CPU
		{F3333BEE-9DBE-496F-A2E4-82601343A547}.Release|x64.Build.0 = Release|Any CPU
		{F3333BEE-9DBE-496F-A2E4-82601343A547}.Release|x86.ActiveCfg = Release|Any CPU
		{F3333BEE-9DBE-496F-A2E4-82601343A547}.Release|x86.Build.0 = Release|Any CPU
		{2F395993-5AC0-497F-995F-525A151E60FD}.Debug|Any CPU.ActiveCfg = Debug|Any CPU
		{2F395993-5AC0-497F-995F-525A151E60FD}.Debug|Any CPU.Build.0 = Debug|Any CPU
		{2F395993-5AC0-497F-995F-525A151E60FD}.Debug|Any CPU.Deploy.0 = Debug|Any CPU
		{2F395993-5AC0-497F-995F-525A151E60FD}.Debug|ARM.ActiveCfg = Debug|Any CPU
		{2F395993-5AC0-497F-995F-525A151E60FD}.Debug|ARM.Build.0 = Debug|Any CPU
		{2F395993-5AC0-497F-995F-525A151E60FD}.Debug|ARM.Deploy.0 = Debug|Any CPU
		{2F395993-5AC0-497F-995F-525A151E60FD}.Debug|x64.ActiveCfg = Debug|Any CPU
		{2F395993-5AC0-497F-995F-525A151E60FD}.Debug|x64.Build.0 = Debug|Any CPU
		{2F395993-5AC0-497F-995F-525A151E60FD}.Debug|x64.Deploy.0 = Debug|Any CPU
		{2F395993-5AC0-497F-995F-525A151E60FD}.Debug|x86.ActiveCfg = Debug|Any CPU
		{2F395993-5AC0-497F-995F-525A151E60FD}.Debug|x86.Build.0 = Debug|Any CPU
		{2F395993-5AC0-497F-995F-525A151E60FD}.Debug|x86.Deploy.0 = Debug|Any CPU
		{2F395993-5AC0-497F-995F-525A151E60FD}.Release|Any CPU.ActiveCfg = Release|Any CPU
		{2F395993-5AC0-497F-995F-525A151E60FD}.Release|Any CPU.Build.0 = Release|Any CPU
		{2F395993-5AC0-497F-995F-525A151E60FD}.Release|Any CPU.Deploy.0 = Release|Any CPU
		{2F395993-5AC0-497F-995F-525A151E60FD}.Release|ARM.ActiveCfg = Release|Any CPU
		{2F395993-5AC0-497F-995F-525A151E60FD}.Release|ARM.Build.0 = Release|Any CPU
		{2F395993-5AC0-497F-995F-525A151E60FD}.Release|ARM.Deploy.0 = Release|Any CPU
		{2F395993-5AC0-497F-995F-525A151E60FD}.Release|x64.ActiveCfg = Release|Any CPU
		{2F395993-5AC0-497F-995F-525A151E60FD}.Release|x64.Build.0 = Release|Any CPU
		{2F395993-5AC0-497F-995F-525A151E60FD}.Release|x64.Deploy.0 = Release|Any CPU
		{2F395993-5AC0-497F-995F-525A151E60FD}.Release|x86.ActiveCfg = Release|Any CPU
		{2F395993-5AC0-497F-995F-525A151E60FD}.Release|x86.Build.0 = Release|Any CPU
		{2F395993-5AC0-497F-995F-525A151E60FD}.Release|x86.Deploy.0 = Release|Any CPU
		{1DFB4B9C-D5CF-4BC9-82CB-9681E871E182}.Debug|Any CPU.ActiveCfg = Debug|Any CPU
		{1DFB4B9C-D5CF-4BC9-82CB-9681E871E182}.Debug|Any CPU.Build.0 = Debug|Any CPU
		{1DFB4B9C-D5CF-4BC9-82CB-9681E871E182}.Debug|ARM.ActiveCfg = Debug|Any CPU
		{1DFB4B9C-D5CF-4BC9-82CB-9681E871E182}.Debug|ARM.Build.0 = Debug|Any CPU
		{1DFB4B9C-D5CF-4BC9-82CB-9681E871E182}.Debug|x64.ActiveCfg = Debug|Any CPU
		{1DFB4B9C-D5CF-4BC9-82CB-9681E871E182}.Debug|x64.Build.0 = Debug|Any CPU
		{1DFB4B9C-D5CF-4BC9-82CB-9681E871E182}.Debug|x86.ActiveCfg = Debug|Any CPU
		{1DFB4B9C-D5CF-4BC9-82CB-9681E871E182}.Debug|x86.Build.0 = Debug|Any CPU
		{1DFB4B9C-D5CF-4BC9-82CB-9681E871E182}.Release|Any CPU.ActiveCfg = Release|Any CPU
		{1DFB4B9C-D5CF-4BC9-82CB-9681E871E182}.Release|Any CPU.Build.0 = Release|Any CPU
		{1DFB4B9C-D5CF-4BC9-82CB-9681E871E182}.Release|ARM.ActiveCfg = Release|Any CPU
		{1DFB4B9C-D5CF-4BC9-82CB-9681E871E182}.Release|ARM.Build.0 = Release|Any CPU
		{1DFB4B9C-D5CF-4BC9-82CB-9681E871E182}.Release|x64.ActiveCfg = Release|Any CPU
		{1DFB4B9C-D5CF-4BC9-82CB-9681E871E182}.Release|x64.Build.0 = Release|Any CPU
		{1DFB4B9C-D5CF-4BC9-82CB-9681E871E182}.Release|x86.ActiveCfg = Release|Any CPU
		{1DFB4B9C-D5CF-4BC9-82CB-9681E871E182}.Release|x86.Build.0 = Release|Any CPU
	EndGlobalSection
	GlobalSection(SolutionProperties) = preSolution
		HideSolutionNode = FALSE
	EndGlobalSection
	GlobalSection(NestedProjects) = preSolution
		{5DC9CDAC-E241-4FAE-A7C2-9794AFDC0AE1} = {A89DE859-75A0-418B-BE31-3228BD827619}
		{5BFC6D26-6016-42F5-A8CE-5EB8A0AE14EF} = {5CF84357-EA5D-42CF-8CBC-05940FF0F73C}
		{3BB955FE-2B25-45EB-9EE7-6419F3436EE0} = {5CF84357-EA5D-42CF-8CBC-05940FF0F73C}
		{11923D82-CAA1-4239-A4BC-A365C5D49017} = {A89DE859-75A0-418B-BE31-3228BD827619}
		{C8D14AA4-199E-409F-B02D-4B2818B8DE0B} = {5CF84357-EA5D-42CF-8CBC-05940FF0F73C}
		{7ADB2A9E-146D-40C4-826A-C79C712CE905} = {306ED7A4-6F3F-4BE1-96CE-CA9DAE98CC53}
		{123F61E6-834C-42FF-B62E-12CE30BC8A90} = {A89DE859-75A0-418B-BE31-3228BD827619}
		{7C7C802C-0220-4D84-844F-97B71381CD46} = {5CF84357-EA5D-42CF-8CBC-05940FF0F73C}
		{F3333BEE-9DBE-496F-A2E4-82601343A547} = {A89DE859-75A0-418B-BE31-3228BD827619}
		{2F395993-5AC0-497F-995F-525A151E60FD} = {D09576D8-40AC-4F1B-A178-6C614AA37BF0}
		{1DFB4B9C-D5CF-4BC9-82CB-9681E871E182} = {D09576D8-40AC-4F1B-A178-6C614AA37BF0}
	EndGlobalSection
	GlobalSection(ExtensibilityGlobals) = postSolution
		SolutionGuid = {E5B47CFC-A139-40DC-9B6A-7CB4C3ED7C71}
	EndGlobalSection
EndGlobal
