
Microsoft Visual Studio Solution File, Format Version 12.00
# Visual Studio 15
VisualStudioVersion = 15.0.27130.2026
MinimumVisualStudioVersion = 10.0.40219.1
Project("{2150E333-8FDC-42A3-9474-1A3956D46DE8}") = "Solution Items", "Solution Items", "{6F3615F0-9A86-463B-8D04-E4CBF8513E55}"
	ProjectSection(SolutionItems) = preProject
		.gitattributes = .gitattributes
		.gitignore = .gitignore
		appveyor-build.ps1 = appveyor-build.ps1
		appveyor-init.ps1 = appveyor-init.ps1
		bower.json = bower.json
		BuildCommon.targets = BuildCommon.targets
		LICENSE = LICENSE
		readme.md = readme.md
	EndProjectSection
EndProject
Project("{9A19103F-16F7-4668-BE54-9A1E7A4F7556}") = "Hood", "projects\Hood\Hood.csproj", "{5DC9CDAC-E241-4FAE-A7C2-9794AFDC0AE1}"
EndProject
Project("{9A19103F-16F7-4668-BE54-9A1E7A4F7556}") = "Hood.Web", "projects\Hood.Web\Hood.Web.csproj", "{DECCBEDA-5B0D-4117-B4B9-8B0E2E7D89F1}"
EndProject
Project("{2150E333-8FDC-42A3-9474-1A3956D46DE8}") = "Framework", "Framework", "{A89DE859-75A0-418B-BE31-3228BD827619}"
EndProject
Project("{2150E333-8FDC-42A3-9474-1A3956D46DE8}") = "App", "App", "{4BDDD020-CFDD-4A9E-BEA0-D3D7D54B2AC4}"
EndProject
Project("{9A19103F-16F7-4668-BE54-9A1E7A4F7556}") = "Hood.Client", "projects\Hood.Client\Hood.Client.csproj", "{0DA8EAAB-B374-4358-A179-4AE0A04D9482}"
EndProject
Global
	GlobalSection(SolutionConfigurationPlatforms) = preSolution
		Debug|Any CPU = Debug|Any CPU
		Debug|ARM = Debug|ARM
		Debug|x64 = Debug|x64
		Debug|x86 = Debug|x86
		Release|Any CPU = Release|Any CPU
		Release|ARM = Release|ARM
		Release|x64 = Release|x64
		Release|x86 = Release|x86
	EndGlobalSection
	GlobalSection(ProjectConfigurationPlatforms) = postSolution
		{5DC9CDAC-E241-4FAE-A7C2-9794AFDC0AE1}.Debug|Any CPU.ActiveCfg = Debug|Any CPU
		{5DC9CDAC-E241-4FAE-A7C2-9794AFDC0AE1}.Debug|Any CPU.Build.0 = Debug|Any CPU
		{5DC9CDAC-E241-4FAE-A7C2-9794AFDC0AE1}.Debug|ARM.ActiveCfg = Debug|Any CPU
		{5DC9CDAC-E241-4FAE-A7C2-9794AFDC0AE1}.Debug|ARM.Build.0 = Debug|Any CPU
		{5DC9CDAC-E241-4FAE-A7C2-9794AFDC0AE1}.Debug|x64.ActiveCfg = Debug|Any CPU
		{5DC9CDAC-E241-4FAE-A7C2-9794AFDC0AE1}.Debug|x64.Build.0 = Debug|Any CPU
		{5DC9CDAC-E241-4FAE-A7C2-9794AFDC0AE1}.Debug|x86.ActiveCfg = Debug|Any CPU
		{5DC9CDAC-E241-4FAE-A7C2-9794AFDC0AE1}.Debug|x86.Build.0 = Debug|Any CPU
		{5DC9CDAC-E241-4FAE-A7C2-9794AFDC0AE1}.Release|Any CPU.ActiveCfg = Release|Any CPU
		{5DC9CDAC-E241-4FAE-A7C2-9794AFDC0AE1}.Release|Any CPU.Build.0 = Release|Any CPU
		{5DC9CDAC-E241-4FAE-A7C2-9794AFDC0AE1}.Release|ARM.ActiveCfg = Release|Any CPU
		{5DC9CDAC-E241-4FAE-A7C2-9794AFDC0AE1}.Release|ARM.Build.0 = Release|Any CPU
		{5DC9CDAC-E241-4FAE-A7C2-9794AFDC0AE1}.Release|x64.ActiveCfg = Release|Any CPU
		{5DC9CDAC-E241-4FAE-A7C2-9794AFDC0AE1}.Release|x64.Build.0 = Release|Any CPU
		{5DC9CDAC-E241-4FAE-A7C2-9794AFDC0AE1}.Release|x86.ActiveCfg = Release|Any CPU
		{5DC9CDAC-E241-4FAE-A7C2-9794AFDC0AE1}.Release|x86.Build.0 = Release|Any CPU
		{DECCBEDA-5B0D-4117-B4B9-8B0E2E7D89F1}.Debug|Any CPU.ActiveCfg = Debug|Any CPU
		{DECCBEDA-5B0D-4117-B4B9-8B0E2E7D89F1}.Debug|Any CPU.Build.0 = Debug|Any CPU
		{DECCBEDA-5B0D-4117-B4B9-8B0E2E7D89F1}.Debug|ARM.ActiveCfg = Debug|Any CPU
		{DECCBEDA-5B0D-4117-B4B9-8B0E2E7D89F1}.Debug|ARM.Build.0 = Debug|Any CPU
		{DECCBEDA-5B0D-4117-B4B9-8B0E2E7D89F1}.Debug|x64.ActiveCfg = Debug|Any CPU
		{DECCBEDA-5B0D-4117-B4B9-8B0E2E7D89F1}.Debug|x64.Build.0 = Debug|Any CPU
		{DECCBEDA-5B0D-4117-B4B9-8B0E2E7D89F1}.Debug|x86.ActiveCfg = Debug|Any CPU
		{DECCBEDA-5B0D-4117-B4B9-8B0E2E7D89F1}.Debug|x86.Build.0 = Debug|Any CPU
		{DECCBEDA-5B0D-4117-B4B9-8B0E2E7D89F1}.Release|Any CPU.ActiveCfg = Release|Any CPU
		{DECCBEDA-5B0D-4117-B4B9-8B0E2E7D89F1}.Release|Any CPU.Build.0 = Release|Any CPU
		{DECCBEDA-5B0D-4117-B4B9-8B0E2E7D89F1}.Release|ARM.ActiveCfg = Release|Any CPU
		{DECCBEDA-5B0D-4117-B4B9-8B0E2E7D89F1}.Release|ARM.Build.0 = Release|Any CPU
		{DECCBEDA-5B0D-4117-B4B9-8B0E2E7D89F1}.Release|x64.ActiveCfg = Release|Any CPU
		{DECCBEDA-5B0D-4117-B4B9-8B0E2E7D89F1}.Release|x64.Build.0 = Release|Any CPU
		{DECCBEDA-5B0D-4117-B4B9-8B0E2E7D89F1}.Release|x86.ActiveCfg = Release|Any CPU
		{DECCBEDA-5B0D-4117-B4B9-8B0E2E7D89F1}.Release|x86.Build.0 = Release|Any CPU
		{0DA8EAAB-B374-4358-A179-4AE0A04D9482}.Debug|Any CPU.ActiveCfg = Debug|Any CPU
		{0DA8EAAB-B374-4358-A179-4AE0A04D9482}.Debug|Any CPU.Build.0 = Debug|Any CPU
		{0DA8EAAB-B374-4358-A179-4AE0A04D9482}.Debug|ARM.ActiveCfg = Debug|Any CPU
		{0DA8EAAB-B374-4358-A179-4AE0A04D9482}.Debug|ARM.Build.0 = Debug|Any CPU
		{0DA8EAAB-B374-4358-A179-4AE0A04D9482}.Debug|x64.ActiveCfg = Debug|Any CPU
		{0DA8EAAB-B374-4358-A179-4AE0A04D9482}.Debug|x64.Build.0 = Debug|Any CPU
		{0DA8EAAB-B374-4358-A179-4AE0A04D9482}.Debug|x86.ActiveCfg = Debug|Any CPU
		{0DA8EAAB-B374-4358-A179-4AE0A04D9482}.Debug|x86.Build.0 = Debug|Any CPU
		{0DA8EAAB-B374-4358-A179-4AE0A04D9482}.Release|Any CPU.ActiveCfg = Release|Any CPU
		{0DA8EAAB-B374-4358-A179-4AE0A04D9482}.Release|Any CPU.Build.0 = Release|Any CPU
		{0DA8EAAB-B374-4358-A179-4AE0A04D9482}.Release|ARM.ActiveCfg = Release|Any CPU
		{0DA8EAAB-B374-4358-A179-4AE0A04D9482}.Release|ARM.Build.0 = Release|Any CPU
		{0DA8EAAB-B374-4358-A179-4AE0A04D9482}.Release|x64.ActiveCfg = Release|Any CPU
		{0DA8EAAB-B374-4358-A179-4AE0A04D9482}.Release|x64.Build.0 = Release|Any CPU
		{0DA8EAAB-B374-4358-A179-4AE0A04D9482}.Release|x86.ActiveCfg = Release|Any CPU
		{0DA8EAAB-B374-4358-A179-4AE0A04D9482}.Release|x86.Build.0 = Release|Any CPU
	EndGlobalSection
	GlobalSection(SolutionProperties) = preSolution
		HideSolutionNode = FALSE
	EndGlobalSection
	GlobalSection(NestedProjects) = preSolution
		{5DC9CDAC-E241-4FAE-A7C2-9794AFDC0AE1} = {A89DE859-75A0-418B-BE31-3228BD827619}
		{DECCBEDA-5B0D-4117-B4B9-8B0E2E7D89F1} = {4BDDD020-CFDD-4A9E-BEA0-D3D7D54B2AC4}
		{0DA8EAAB-B374-4358-A179-4AE0A04D9482} = {A89DE859-75A0-418B-BE31-3228BD827619}
	EndGlobalSection
	GlobalSection(ExtensibilityGlobals) = postSolution
		SolutionGuid = {E5B47CFC-A139-40DC-9B6A-7CB4C3ED7C71}
	EndGlobalSection
EndGlobal
