
Microsoft Visual Studio Solution File, Format Version 12.00
# Visual Studio Version 16
VisualStudioVersion = 16.0.29001.49
MinimumVisualStudioVersion = 10.0.40219.1
Project("{2150E333-8FDC-42A3-9474-1A3956D46DE8}") = "Solution Items", "Solution Items", "{6F3615F0-9A86-463B-8D04-E4CBF8513E55}"
	ProjectSection(SolutionItems) = preProject
		.gitattributes = .gitattributes
		.gitignore = .gitignore
		azure-pipelines.yml = azure-pipelines.yml
		bower.json = bower.json
		LICENSE = LICENSE
		package.json = package.json
		readme.md = readme.md
	EndProjectSection
EndProject
Project("{9A19103F-16F7-4668-BE54-9A1E7A4F7556}") = "Hood", "projects\Hood\Hood.csproj", "{5DC9CDAC-E241-4FAE-A7C2-9794AFDC0AE1}"
EndProject
Project("{9A19103F-16F7-4668-BE54-9A1E7A4F7556}") = "Hood.Web", "projects\Hood.Web\Hood.Web.csproj", "{DECCBEDA-5B0D-4117-B4B9-8B0E2E7D89F1}"
EndProject
Project("{2150E333-8FDC-42A3-9474-1A3956D46DE8}") = "Framework", "Framework", "{A89DE859-75A0-418B-BE31-3228BD827619}"
EndProject
Project("{2150E333-8FDC-42A3-9474-1A3956D46DE8}") = "Apps", "Apps", "{4BDDD020-CFDD-4A9E-BEA0-D3D7D54B2AC4}"
EndProject
Project("{9A19103F-16F7-4668-BE54-9A1E7A4F7556}") = "Hood.UI.Bootstrap3", "projects\Hood.UI.Bootstrap3\Hood.UI.Bootstrap3.csproj", "{5BFC6D26-6016-42F5-A8CE-5EB8A0AE14EF}"
EndProject
Project("{2150E333-8FDC-42A3-9474-1A3956D46DE8}") = "UI", "UI", "{5CF84357-EA5D-42CF-8CBC-05940FF0F73C}"
EndProject
Project("{9A19103F-16F7-4668-BE54-9A1E7A4F7556}") = "Hood.UI.Bootstrap4", "projects\Hood.UI.Bootstrap4\Hood.UI.Bootstrap4.csproj", "{3BB955FE-2B25-45EB-9EE7-6419F3436EE0}"
EndProject
Project("{9A19103F-16F7-4668-BE54-9A1E7A4F7556}") = "Hood.Core", "projects\Hood.Core\Hood.Core.csproj", "{11923D82-CAA1-4239-A4BC-A365C5D49017}"
EndProject
Project("{2150E333-8FDC-42A3-9474-1A3956D46DE8}") = "SQL", "SQL", "{ADC931CD-87DA-406A-ADCD-7BB44329F75E}"
	ProjectSection(SolutionItems) = preProject
		sql\InstallViews.sql = sql\InstallViews.sql
	EndProjectSection
EndProject
Project("{9A19103F-16F7-4668-BE54-9A1E7A4F7556}") = "Hood.Demo", "projects\Hood.Demo\Hood.Demo.csproj", "{C2E726E7-B3F7-4DD7-BC90-ECBAC11DB907}"
EndProject
Project("{9A19103F-16F7-4668-BE54-9A1E7A4F7556}") = "Hood.UI.Core", "projects\Hood.UI.Core\Hood.UI.Core.csproj", "{C8D14AA4-199E-409F-B02D-4B2818B8DE0B}"
EndProject
Project("{9A19103F-16F7-4668-BE54-9A1E7A4F7556}") = "Hood.NuGet", "projects\Hood.NuGet\Hood.NuGet.csproj", "{A172206B-67E2-47FE-A7AC-3628C5FE60F6}"
EndProject
Global
	GlobalSection(SolutionConfigurationPlatforms) = preSolution
		Debug|Any CPU = Debug|Any CPU
		Debug|ARM = Debug|ARM
		Debug|x64 = Debug|x64
		Debug|x86 = Debug|x86
		Release|Any CPU = Release|Any CPU
		Release|ARM = Release|ARM
		Release|x64 = Release|x64
		Release|x86 = Release|x86
	EndGlobalSection
	GlobalSection(ProjectConfigurationPlatforms) = postSolution
		{5DC9CDAC-E241-4FAE-A7C2-9794AFDC0AE1}.Debug|Any CPU.ActiveCfg = Debug|Any CPU
		{5DC9CDAC-E241-4FAE-A7C2-9794AFDC0AE1}.Debug|Any CPU.Build.0 = Debug|Any CPU
		{5DC9CDAC-E241-4FAE-A7C2-9794AFDC0AE1}.Debug|ARM.ActiveCfg = Debug|Any CPU
		{5DC9CDAC-E241-4FAE-A7C2-9794AFDC0AE1}.Debug|ARM.Build.0 = Debug|Any CPU
		{5DC9CDAC-E241-4FAE-A7C2-9794AFDC0AE1}.Debug|x64.ActiveCfg = Debug|Any CPU
		{5DC9CDAC-E241-4FAE-A7C2-9794AFDC0AE1}.Debug|x64.Build.0 = Debug|Any CPU
		{5DC9CDAC-E241-4FAE-A7C2-9794AFDC0AE1}.Debug|x86.ActiveCfg = Debug|Any CPU
		{5DC9CDAC-E241-4FAE-A7C2-9794AFDC0AE1}.Debug|x86.Build.0 = Debug|Any CPU
		{5DC9CDAC-E241-4FAE-A7C2-9794AFDC0AE1}.Release|Any CPU.ActiveCfg = Release|Any CPU
		{5DC9CDAC-E241-4FAE-A7C2-9794AFDC0AE1}.Release|Any CPU.Build.0 = Release|Any CPU
		{5DC9CDAC-E241-4FAE-A7C2-9794AFDC0AE1}.Release|ARM.ActiveCfg = Release|Any CPU
		{5DC9CDAC-E241-4FAE-A7C2-9794AFDC0AE1}.Release|ARM.Build.0 = Release|Any CPU
		{5DC9CDAC-E241-4FAE-A7C2-9794AFDC0AE1}.Release|x64.ActiveCfg = Release|Any CPU
		{5DC9CDAC-E241-4FAE-A7C2-9794AFDC0AE1}.Release|x64.Build.0 = Release|Any CPU
		{5DC9CDAC-E241-4FAE-A7C2-9794AFDC0AE1}.Release|x86.ActiveCfg = Release|Any CPU
		{5DC9CDAC-E241-4FAE-A7C2-9794AFDC0AE1}.Release|x86.Build.0 = Release|Any CPU
		{DECCBEDA-5B0D-4117-B4B9-8B0E2E7D89F1}.Debug|Any CPU.ActiveCfg = Debug|Any CPU
		{DECCBEDA-5B0D-4117-B4B9-8B0E2E7D89F1}.Debug|Any CPU.Build.0 = Debug|Any CPU
		{DECCBEDA-5B0D-4117-B4B9-8B0E2E7D89F1}.Debug|ARM.ActiveCfg = Debug|Any CPU
		{DECCBEDA-5B0D-4117-B4B9-8B0E2E7D89F1}.Debug|ARM.Build.0 = Debug|Any CPU
		{DECCBEDA-5B0D-4117-B4B9-8B0E2E7D89F1}.Debug|x64.ActiveCfg = Debug|Any CPU
		{DECCBEDA-5B0D-4117-B4B9-8B0E2E7D89F1}.Debug|x64.Build.0 = Debug|Any CPU
		{DECCBEDA-5B0D-4117-B4B9-8B0E2E7D89F1}.Debug|x86.ActiveCfg = Debug|Any CPU
		{DECCBEDA-5B0D-4117-B4B9-8B0E2E7D89F1}.Debug|x86.Build.0 = Debug|Any CPU
		{DECCBEDA-5B0D-4117-B4B9-8B0E2E7D89F1}.Release|Any CPU.ActiveCfg = Release|Any CPU
		{DECCBEDA-5B0D-4117-B4B9-8B0E2E7D89F1}.Release|Any CPU.Build.0 = Release|Any CPU
		{DECCBEDA-5B0D-4117-B4B9-8B0E2E7D89F1}.Release|ARM.ActiveCfg = Release|Any CPU
		{DECCBEDA-5B0D-4117-B4B9-8B0E2E7D89F1}.Release|ARM.Build.0 = Release|Any CPU
		{DECCBEDA-5B0D-4117-B4B9-8B0E2E7D89F1}.Release|x64.ActiveCfg = Release|Any CPU
		{DECCBEDA-5B0D-4117-B4B9-8B0E2E7D89F1}.Release|x64.Build.0 = Release|Any CPU
		{DECCBEDA-5B0D-4117-B4B9-8B0E2E7D89F1}.Release|x86.ActiveCfg = Release|Any CPU
		{DECCBEDA-5B0D-4117-B4B9-8B0E2E7D89F1}.Release|x86.Build.0 = Release|Any CPU
		{5BFC6D26-6016-42F5-A8CE-5EB8A0AE14EF}.Debug|Any CPU.ActiveCfg = Debug|Any CPU
		{5BFC6D26-6016-42F5-A8CE-5EB8A0AE14EF}.Debug|Any CPU.Build.0 = Debug|Any CPU
		{5BFC6D26-6016-42F5-A8CE-5EB8A0AE14EF}.Debug|ARM.ActiveCfg = Debug|Any CPU
		{5BFC6D26-6016-42F5-A8CE-5EB8A0AE14EF}.Debug|ARM.Build.0 = Debug|Any CPU
		{5BFC6D26-6016-42F5-A8CE-5EB8A0AE14EF}.Debug|x64.ActiveCfg = Debug|Any CPU
		{5BFC6D26-6016-42F5-A8CE-5EB8A0AE14EF}.Debug|x64.Build.0 = Debug|Any CPU
		{5BFC6D26-6016-42F5-A8CE-5EB8A0AE14EF}.Debug|x86.ActiveCfg = Debug|Any CPU
		{5BFC6D26-6016-42F5-A8CE-5EB8A0AE14EF}.Debug|x86.Build.0 = Debug|Any CPU
		{5BFC6D26-6016-42F5-A8CE-5EB8A0AE14EF}.Release|Any CPU.ActiveCfg = Release|Any CPU
		{5BFC6D26-6016-42F5-A8CE-5EB8A0AE14EF}.Release|Any CPU.Build.0 = Release|Any CPU
		{5BFC6D26-6016-42F5-A8CE-5EB8A0AE14EF}.Release|ARM.ActiveCfg = Release|Any CPU
		{5BFC6D26-6016-42F5-A8CE-5EB8A0AE14EF}.Release|ARM.Build.0 = Release|Any CPU
		{5BFC6D26-6016-42F5-A8CE-5EB8A0AE14EF}.Release|x64.ActiveCfg = Release|Any CPU
		{5BFC6D26-6016-42F5-A8CE-5EB8A0AE14EF}.Release|x64.Build.0 = Release|Any CPU
		{5BFC6D26-6016-42F5-A8CE-5EB8A0AE14EF}.Release|x86.ActiveCfg = Release|Any CPU
		{5BFC6D26-6016-42F5-A8CE-5EB8A0AE14EF}.Release|x86.Build.0 = Release|Any CPU
		{3BB955FE-2B25-45EB-9EE7-6419F3436EE0}.Debug|Any CPU.ActiveCfg = Debug|Any CPU
		{3BB955FE-2B25-45EB-9EE7-6419F3436EE0}.Debug|Any CPU.Build.0 = Debug|Any CPU
		{3BB955FE-2B25-45EB-9EE7-6419F3436EE0}.Debug|ARM.ActiveCfg = Debug|Any CPU
		{3BB955FE-2B25-45EB-9EE7-6419F3436EE0}.Debug|ARM.Build.0 = Debug|Any CPU
		{3BB955FE-2B25-45EB-9EE7-6419F3436EE0}.Debug|x64.ActiveCfg = Debug|Any CPU
		{3BB955FE-2B25-45EB-9EE7-6419F3436EE0}.Debug|x64.Build.0 = Debug|Any CPU
		{3BB955FE-2B25-45EB-9EE7-6419F3436EE0}.Debug|x86.ActiveCfg = Debug|Any CPU
		{3BB955FE-2B25-45EB-9EE7-6419F3436EE0}.Debug|x86.Build.0 = Debug|Any CPU
		{3BB955FE-2B25-45EB-9EE7-6419F3436EE0}.Release|Any CPU.ActiveCfg = Release|Any CPU
		{3BB955FE-2B25-45EB-9EE7-6419F3436EE0}.Release|Any CPU.Build.0 = Release|Any CPU
		{3BB955FE-2B25-45EB-9EE7-6419F3436EE0}.Release|ARM.ActiveCfg = Release|Any CPU
		{3BB955FE-2B25-45EB-9EE7-6419F3436EE0}.Release|ARM.Build.0 = Release|Any CPU
		{3BB955FE-2B25-45EB-9EE7-6419F3436EE0}.Release|x64.ActiveCfg = Release|Any CPU
		{3BB955FE-2B25-45EB-9EE7-6419F3436EE0}.Release|x64.Build.0 = Release|Any CPU
		{3BB955FE-2B25-45EB-9EE7-6419F3436EE0}.Release|x86.ActiveCfg = Release|Any CPU
		{3BB955FE-2B25-45EB-9EE7-6419F3436EE0}.Release|x86.Build.0 = Release|Any CPU
		{11923D82-CAA1-4239-A4BC-A365C5D49017}.Debug|Any CPU.ActiveCfg = Debug|Any CPU
		{11923D82-CAA1-4239-A4BC-A365C5D49017}.Debug|Any CPU.Build.0 = Debug|Any CPU
		{11923D82-CAA1-4239-A4BC-A365C5D49017}.Debug|ARM.ActiveCfg = Debug|Any CPU
		{11923D82-CAA1-4239-A4BC-A365C5D49017}.Debug|ARM.Build.0 = Debug|Any CPU
		{11923D82-CAA1-4239-A4BC-A365C5D49017}.Debug|x64.ActiveCfg = Debug|Any CPU
		{11923D82-CAA1-4239-A4BC-A365C5D49017}.Debug|x64.Build.0 = Debug|Any CPU
		{11923D82-CAA1-4239-A4BC-A365C5D49017}.Debug|x86.ActiveCfg = Debug|Any CPU
		{11923D82-CAA1-4239-A4BC-A365C5D49017}.Debug|x86.Build.0 = Debug|Any CPU
		{11923D82-CAA1-4239-A4BC-A365C5D49017}.Release|Any CPU.ActiveCfg = Release|Any CPU
		{11923D82-CAA1-4239-A4BC-A365C5D49017}.Release|Any CPU.Build.0 = Release|Any CPU
		{11923D82-CAA1-4239-A4BC-A365C5D49017}.Release|ARM.ActiveCfg = Release|Any CPU
		{11923D82-CAA1-4239-A4BC-A365C5D49017}.Release|ARM.Build.0 = Release|Any CPU
		{11923D82-CAA1-4239-A4BC-A365C5D49017}.Release|x64.ActiveCfg = Release|Any CPU
		{11923D82-CAA1-4239-A4BC-A365C5D49017}.Release|x64.Build.0 = Release|Any CPU
		{11923D82-CAA1-4239-A4BC-A365C5D49017}.Release|x86.ActiveCfg = Release|Any CPU
		{11923D82-CAA1-4239-A4BC-A365C5D49017}.Release|x86.Build.0 = Release|Any CPU
		{C2E726E7-B3F7-4DD7-BC90-ECBAC11DB907}.Debug|Any CPU.ActiveCfg = Debug|Any CPU
		{C2E726E7-B3F7-4DD7-BC90-ECBAC11DB907}.Debug|Any CPU.Build.0 = Debug|Any CPU
		{C2E726E7-B3F7-4DD7-BC90-ECBAC11DB907}.Debug|ARM.ActiveCfg = Debug|Any CPU
		{C2E726E7-B3F7-4DD7-BC90-ECBAC11DB907}.Debug|ARM.Build.0 = Debug|Any CPU
		{C2E726E7-B3F7-4DD7-BC90-ECBAC11DB907}.Debug|x64.ActiveCfg = Debug|Any CPU
		{C2E726E7-B3F7-4DD7-BC90-ECBAC11DB907}.Debug|x64.Build.0 = Debug|Any CPU
		{C2E726E7-B3F7-4DD7-BC90-ECBAC11DB907}.Debug|x86.ActiveCfg = Debug|Any CPU
		{C2E726E7-B3F7-4DD7-BC90-ECBAC11DB907}.Debug|x86.Build.0 = Debug|Any CPU
		{C2E726E7-B3F7-4DD7-BC90-ECBAC11DB907}.Release|Any CPU.ActiveCfg = Release|Any CPU
		{C2E726E7-B3F7-4DD7-BC90-ECBAC11DB907}.Release|Any CPU.Build.0 = Release|Any CPU
		{C2E726E7-B3F7-4DD7-BC90-ECBAC11DB907}.Release|ARM.ActiveCfg = Release|Any CPU
		{C2E726E7-B3F7-4DD7-BC90-ECBAC11DB907}.Release|ARM.Build.0 = Release|Any CPU
		{C2E726E7-B3F7-4DD7-BC90-ECBAC11DB907}.Release|x64.ActiveCfg = Release|Any CPU
		{C2E726E7-B3F7-4DD7-BC90-ECBAC11DB907}.Release|x64.Build.0 = Release|Any CPU
		{C2E726E7-B3F7-4DD7-BC90-ECBAC11DB907}.Release|x86.ActiveCfg = Release|Any CPU
		{C2E726E7-B3F7-4DD7-BC90-ECBAC11DB907}.Release|x86.Build.0 = Release|Any CPU
		{C8D14AA4-199E-409F-B02D-4B2818B8DE0B}.Debug|Any CPU.ActiveCfg = Debug|Any CPU
		{C8D14AA4-199E-409F-B02D-4B2818B8DE0B}.Debug|Any CPU.Build.0 = Debug|Any CPU
		{C8D14AA4-199E-409F-B02D-4B2818B8DE0B}.Debug|ARM.ActiveCfg = Debug|Any CPU
		{C8D14AA4-199E-409F-B02D-4B2818B8DE0B}.Debug|ARM.Build.0 = Debug|Any CPU
		{C8D14AA4-199E-409F-B02D-4B2818B8DE0B}.Debug|x64.ActiveCfg = Debug|Any CPU
		{C8D14AA4-199E-409F-B02D-4B2818B8DE0B}.Debug|x64.Build.0 = Debug|Any CPU
		{C8D14AA4-199E-409F-B02D-4B2818B8DE0B}.Debug|x86.ActiveCfg = Debug|Any CPU
		{C8D14AA4-199E-409F-B02D-4B2818B8DE0B}.Debug|x86.Build.0 = Debug|Any CPU
		{C8D14AA4-199E-409F-B02D-4B2818B8DE0B}.Release|Any CPU.ActiveCfg = Release|Any CPU
		{C8D14AA4-199E-409F-B02D-4B2818B8DE0B}.Release|Any CPU.Build.0 = Release|Any CPU
		{C8D14AA4-199E-409F-B02D-4B2818B8DE0B}.Release|ARM.ActiveCfg = Release|Any CPU
		{C8D14AA4-199E-409F-B02D-4B2818B8DE0B}.Release|ARM.Build.0 = Release|Any CPU
		{C8D14AA4-199E-409F-B02D-4B2818B8DE0B}.Release|x64.ActiveCfg = Release|Any CPU
		{C8D14AA4-199E-409F-B02D-4B2818B8DE0B}.Release|x64.Build.0 = Release|Any CPU
		{C8D14AA4-199E-409F-B02D-4B2818B8DE0B}.Release|x86.ActiveCfg = Release|Any CPU
		{C8D14AA4-199E-409F-B02D-4B2818B8DE0B}.Release|x86.Build.0 = Release|Any CPU
		{A172206B-67E2-47FE-A7AC-3628C5FE60F6}.Debug|Any CPU.ActiveCfg = Debug|Any CPU
		{A172206B-67E2-47FE-A7AC-3628C5FE60F6}.Debug|Any CPU.Build.0 = Debug|Any CPU
		{A172206B-67E2-47FE-A7AC-3628C5FE60F6}.Debug|ARM.ActiveCfg = Debug|Any CPU
		{A172206B-67E2-47FE-A7AC-3628C5FE60F6}.Debug|ARM.Build.0 = Debug|Any CPU
		{A172206B-67E2-47FE-A7AC-3628C5FE60F6}.Debug|x64.ActiveCfg = Debug|Any CPU
		{A172206B-67E2-47FE-A7AC-3628C5FE60F6}.Debug|x64.Build.0 = Debug|Any CPU
		{A172206B-67E2-47FE-A7AC-3628C5FE60F6}.Debug|x86.ActiveCfg = Debug|Any CPU
		{A172206B-67E2-47FE-A7AC-3628C5FE60F6}.Debug|x86.Build.0 = Debug|Any CPU
		{A172206B-67E2-47FE-A7AC-3628C5FE60F6}.Release|Any CPU.ActiveCfg = Release|Any CPU
		{A172206B-67E2-47FE-A7AC-3628C5FE60F6}.Release|Any CPU.Build.0 = Release|Any CPU
		{A172206B-67E2-47FE-A7AC-3628C5FE60F6}.Release|ARM.ActiveCfg = Release|Any CPU
		{A172206B-67E2-47FE-A7AC-3628C5FE60F6}.Release|ARM.Build.0 = Release|Any CPU
		{A172206B-67E2-47FE-A7AC-3628C5FE60F6}.Release|x64.ActiveCfg = Release|Any CPU
		{A172206B-67E2-47FE-A7AC-3628C5FE60F6}.Release|x64.Build.0 = Release|Any CPU
		{A172206B-67E2-47FE-A7AC-3628C5FE60F6}.Release|x86.ActiveCfg = Release|Any CPU
		{A172206B-67E2-47FE-A7AC-3628C5FE60F6}.Release|x86.Build.0 = Release|Any CPU
	EndGlobalSection
	GlobalSection(SolutionProperties) = preSolution
		HideSolutionNode = FALSE
	EndGlobalSection
	GlobalSection(NestedProjects) = preSolution
		{5DC9CDAC-E241-4FAE-A7C2-9794AFDC0AE1} = {A89DE859-75A0-418B-BE31-3228BD827619}
		{DECCBEDA-5B0D-4117-B4B9-8B0E2E7D89F1} = {A89DE859-75A0-418B-BE31-3228BD827619}
		{5BFC6D26-6016-42F5-A8CE-5EB8A0AE14EF} = {5CF84357-EA5D-42CF-8CBC-05940FF0F73C}
		{3BB955FE-2B25-45EB-9EE7-6419F3436EE0} = {5CF84357-EA5D-42CF-8CBC-05940FF0F73C}
		{11923D82-CAA1-4239-A4BC-A365C5D49017} = {A89DE859-75A0-418B-BE31-3228BD827619}
		{C2E726E7-B3F7-4DD7-BC90-ECBAC11DB907} = {4BDDD020-CFDD-4A9E-BEA0-D3D7D54B2AC4}
		{C8D14AA4-199E-409F-B02D-4B2818B8DE0B} = {5CF84357-EA5D-42CF-8CBC-05940FF0F73C}
		{A172206B-67E2-47FE-A7AC-3628C5FE60F6} = {4BDDD020-CFDD-4A9E-BEA0-D3D7D54B2AC4}
	EndGlobalSection
	GlobalSection(ExtensibilityGlobals) = postSolution
		SolutionGuid = {E5B47CFC-A139-40DC-9B6A-7CB4C3ED7C71}
	EndGlobalSection
EndGlobal
